
Microsoft Visual Studio Solution File, Format Version 12.00
# Visual Studio 14
VisualStudioVersion = 14.0.24720.0
MinimumVisualStudioVersion = 10.0.40219.1
Project("{FAE04EC0-301F-11D3-BF4B-00C04F79EFBC}") = "PestControlDll", "PestControlDll\PestControlDll.csproj", "{A6155E38-2839-40EF-AAE6-C87EBDF17DA7}"
EndProject
Project("{FAE04EC0-301F-11D3-BF4B-00C04F79EFBC}") = "PestControlDll.UnitTest", "PestControlDll.UnitTest\PestControlDll.UnitTest.csproj", "{B8E25E10-13A5-4937-A0D6-E3A14D740A53}"
EndProject
Project("{FAE04EC0-301F-11D3-BF4B-00C04F79EFBC}") = "PestControlApi", "PestControlApi\PestControlApi.csproj", "{A2BA48F9-E8E2-40A5-96BF-C02E31753136}"
EndProject
Global
	GlobalSection(SolutionConfigurationPlatforms) = preSolution
		Debug|Any CPU = Debug|Any CPU
		Release|Any CPU = Release|Any CPU
	EndGlobalSection
	GlobalSection(ProjectConfigurationPlatforms) = postSolution
		{A6155E38-2839-40EF-AAE6-C87EBDF17DA7}.Debug|Any CPU.ActiveCfg = Debug|Any CPU
		{A6155E38-2839-40EF-AAE6-C87EBDF17DA7}.Debug|Any CPU.Build.0 = Debug|Any CPU
		{A6155E38-2839-40EF-AAE6-C87EBDF17DA7}.Release|Any CPU.ActiveCfg = Release|Any CPU
		{A6155E38-2839-40EF-AAE6-C87EBDF17DA7}.Release|Any CPU.Build.0 = Release|Any CPU
		{B8E25E10-13A5-4937-A0D6-E3A14D740A53}.Debug|Any CPU.ActiveCfg = Debug|Any CPU
		{B8E25E10-13A5-4937-A0D6-E3A14D740A53}.Debug|Any CPU.Build.0 = Debug|Any CPU
		{B8E25E10-13A5-4937-A0D6-E3A14D740A53}.Release|Any CPU.ActiveCfg = Release|Any CPU
		{B8E25E10-13A5-4937-A0D6-E3A14D740A53}.Release|Any CPU.Build.0 = Release|Any CPU
		{A2BA48F9-E8E2-40A5-96BF-C02E31753136}.Debug|Any CPU.ActiveCfg = Debug|Any CPU
		{A2BA48F9-E8E2-40A5-96BF-C02E31753136}.Debug|Any CPU.Build.0 = Debug|Any CPU
		{A2BA48F9-E8E2-40A5-96BF-C02E31753136}.Release|Any CPU.ActiveCfg = Release|Any CPU
		{A2BA48F9-E8E2-40A5-96BF-C02E31753136}.Release|Any CPU.Build.0 = Release|Any CPU
	EndGlobalSection
	GlobalSection(SolutionProperties) = preSolution
		HideSolutionNode = FALSE
	EndGlobalSection
EndGlobal
